// !$*UTF8*$!
{
	archiveVersion = 1;
	classes = {
	};
	objectVersion = 56;
	objects = {

/* Begin PBXBuildFile section */
		B6E798A82B5FD6A5005C0863 /* AppDelegate.swift in Sources */ = {isa = PBXBuildFile; fileRef = B6E798A72B5FD6A5005C0863 /* AppDelegate.swift */; };
		B6E798AA2B5FD6A5005C0863 /* SceneDelegate.swift in Sources */ = {isa = PBXBuildFile; fileRef = B6E798A92B5FD6A5005C0863 /* SceneDelegate.swift */; };
		B6E798AC2B5FD6A5005C0863 /* ViewController.swift in Sources */ = {isa = PBXBuildFile; fileRef = B6E798AB2B5FD6A5005C0863 /* ViewController.swift */; };
		B6E798AF2B5FD6A5005C0863 /* Main.storyboard in Resources */ = {isa = PBXBuildFile; fileRef = B6E798AD2B5FD6A5005C0863 /* Main.storyboard */; };
		B6E798B12B5FD6A7005C0863 /* Assets.xcassets in Resources */ = {isa = PBXBuildFile; fileRef = B6E798B02B5FD6A7005C0863 /* Assets.xcassets */; };
		B6E798B42B5FD6A7005C0863 /* LaunchScreen.storyboard in Resources */ = {isa = PBXBuildFile; fileRef = B6E798B22B5FD6A7005C0863 /* LaunchScreen.storyboard */; };
		B6E798BF2B5FD6A7005C0863 /* DZTests.swift in Sources */ = {isa = PBXBuildFile; fileRef = B6E798BE2B5FD6A7005C0863 /* DZTests.swift */; };
		B6E798C92B5FD6A7005C0863 /* DZUITests.swift in Sources */ = {isa = PBXBuildFile; fileRef = B6E798C82B5FD6A7005C0863 /* DZUITests.swift */; };
		B6E798CB2B5FD6A7005C0863 /* DZUITestsLaunchTests.swift in Sources */ = {isa = PBXBuildFile; fileRef = B6E798CA2B5FD6A7005C0863 /* DZUITestsLaunchTests.swift */; };
/* End PBXBuildFile section */

/* Begin PBXContainerItemProxy section */
		B6E798BB2B5FD6A7005C0863 /* PBXContainerItemProxy */ = {
			isa = PBXContainerItemProxy;
			containerPortal = B6E7989C2B5FD6A5005C0863 /* Project object */;
			proxyType = 1;
			remoteGlobalIDString = B6E798A32B5FD6A5005C0863;
			remoteInfo = DZ;
		};
		B6E798C52B5FD6A7005C0863 /* PBXContainerItemProxy */ = {
			isa = PBXContainerItemProxy;
			containerPortal = B6E7989C2B5FD6A5005C0863 /* Project object */;
			proxyType = 1;
			remoteGlobalIDString = B6E798A32B5FD6A5005C0863;
			remoteInfo = DZ;
		};
/* End PBXContainerItemProxy section */

/* Begin PBXFileReference section */
		B6E798A42B5FD6A5005C0863 /* DZ.app */ = {isa = PBXFileReference; explicitFileType = wrapper.application; includeInIndex = 0; path = DZ.app; sourceTree = BUILT_PRODUCTS_DIR; };
		B6E798A72B5FD6A5005C0863 /* AppDelegate.swift */ = {isa = PBXFileReference; lastKnownFileType = sourcecode.swift; path = AppDelegate.swift; sourceTree = "<group>"; };
		B6E798A92B5FD6A5005C0863 /* SceneDelegate.swift */ = {isa = PBXFileReference; lastKnownFileType = sourcecode.swift; path = SceneDelegate.swift; sourceTree = "<group>"; };
		B6E798AB2B5FD6A5005C0863 /* ViewController.swift */ = {isa = PBXFileReference; lastKnownFileType = sourcecode.swift; path = ViewController.swift; sourceTree = "<group>"; };
		B6E798AE2B5FD6A5005C0863 /* Base */ = {isa = PBXFileReference; lastKnownFileType = file.storyboard; name = Base; path = Base.lproj/Main.storyboard; sourceTree = "<group>"; };
		B6E798B02B5FD6A7005C0863 /* Assets.xcassets */ = {isa = PBXFileReference; lastKnownFileType = folder.assetcatalog; path = Assets.xcassets; sourceTree = "<group>"; };
		B6E798B32B5FD6A7005C0863 /* Base */ = {isa = PBXFileReference; lastKnownFileType = file.storyboard; name = Base; path = Base.lproj/LaunchScreen.storyboard; sourceTree = "<group>"; };
		B6E798B52B5FD6A7005C0863 /* Info.plist */ = {isa = PBXFileReference; lastKnownFileType = text.plist.xml; path = Info.plist; sourceTree = "<group>"; };
		B6E798BA2B5FD6A7005C0863 /* DZTests.xctest */ = {isa = PBXFileReference; explicitFileType = wrapper.cfbundle; includeInIndex = 0; path = DZTests.xctest; sourceTree = BUILT_PRODUCTS_DIR; };
		B6E798BE2B5FD6A7005C0863 /* DZTests.swift */ = {isa = PBXFileReference; lastKnownFileType = sourcecode.swift; path = DZTests.swift; sourceTree = "<group>"; };
		B6E798C42B5FD6A7005C0863 /* DZUITests.xctest */ = {isa = PBXFileReference; explicitFileType = wrapper.cfbundle; includeInIndex = 0; path = DZUITests.xctest; sourceTree = BUILT_PRODUCTS_DIR; };
		B6E798C82B5FD6A7005C0863 /* DZUITests.swift */ = {isa = PBXFileReference; lastKnownFileType = sourcecode.swift; path = DZUITests.swift; sourceTree = "<group>"; };
		B6E798CA2B5FD6A7005C0863 /* DZUITestsLaunchTests.swift */ = {isa = PBXFileReference; lastKnownFileType = sourcecode.swift; path = DZUITestsLaunchTests.swift; sourceTree = "<group>"; };
/* End PBXFileReference section */

/* Begin PBXFrameworksBuildPhase section */
		B6E798A12B5FD6A5005C0863 /* Frameworks */ = {
			isa = PBXFrameworksBuildPhase;
			buildActionMask = 2147483647;
			files = (
			);
			runOnlyForDeploymentPostprocessing = 0;
		};
		B6E798B72B5FD6A7005C0863 /* Frameworks */ = {
			isa = PBXFrameworksBuildPhase;
			buildActionMask = 2147483647;
			files = (
			);
			runOnlyForDeploymentPostprocessing = 0;
		};
		B6E798C12B5FD6A7005C0863 /* Frameworks */ = {
			isa = PBXFrameworksBuildPhase;
			buildActionMask = 2147483647;
			files = (
			);
			runOnlyForDeploymentPostprocessing = 0;
		};
/* End PBXFrameworksBuildPhase section */

/* Begin PBXGroup section */
		B6E7989B2B5FD6A5005C0863 = {
			isa = PBXGroup;
			children = (
				B6E798A62B5FD6A5005C0863 /* DZ */,
				B6E798BD2B5FD6A7005C0863 /* DZTests */,
				B6E798C72B5FD6A7005C0863 /* DZUITests */,
				B6E798A52B5FD6A5005C0863 /* Products */,
			);
			sourceTree = "<group>";
		};
		B6E798A52B5FD6A5005C0863 /* Products */ = {
			isa = PBXGroup;
			children = (
				B6E798A42B5FD6A5005C0863 /* DZ.app */,
				B6E798BA2B5FD6A7005C0863 /* DZTests.xctest */,
				B6E798C42B5FD6A7005C0863 /* DZUITests.xctest */,
			);
			name = Products;
			sourceTree = "<group>";
		};
		B6E798A62B5FD6A5005C0863 /* DZ */ = {
			isa = PBXGroup;
			children = (
				B6E798A72B5FD6A5005C0863 /* AppDelegate.swift */,
				B6E798A92B5FD6A5005C0863 /* SceneDelegate.swift */,
				B6E798AB2B5FD6A5005C0863 /* ViewController.swift */,
				B6E798AD2B5FD6A5005C0863 /* Main.storyboard */,
				B6E798B02B5FD6A7005C0863 /* Assets.xcassets */,
				B6E798B22B5FD6A7005C0863 /* LaunchScreen.storyboard */,
				B6E798B52B5FD6A7005C0863 /* Info.plist */,
			);
			path = DZ;
			sourceTree = "<group>";
		};
		B6E798BD2B5FD6A7005C0863 /* DZTests */ = {
			isa = PBXGroup;
			children = (
				B6E798BE2B5FD6A7005C0863 /* DZTests.swift */,
			);
			path = DZTests;
			sourceTree = "<group>";
		};
		B6E798C72B5FD6A7005C0863 /* DZUITests */ = {
			isa = PBXGroup;
			children = (
				B6E798C82B5FD6A7005C0863 /* DZUITests.swift */,
				B6E798CA2B5FD6A7005C0863 /* DZUITestsLaunchTests.swift */,
			);
			path = DZUITests;
			sourceTree = "<group>";
		};
/* End PBXGroup section */

/* Begin PBXNativeTarget section */
		B6E798A32B5FD6A5005C0863 /* DZ */ = {
			isa = PBXNativeTarget;
			buildConfigurationList = B6E798CE2B5FD6A7005C0863 /* Build configuration list for PBXNativeTarget "DZ" */;
			buildPhases = (
				B6E798A02B5FD6A5005C0863 /* Sources */,
				B6E798A12B5FD6A5005C0863 /* Frameworks */,
				B6E798A22B5FD6A5005C0863 /* Resources */,
			);
			buildRules = (
			);
			dependencies = (
			);
			name = DZ;
			productName = DZ;
			productReference = B6E798A42B5FD6A5005C0863 /* DZ.app */;
			productType = "com.apple.product-type.application";
		};
		B6E798B92B5FD6A7005C0863 /* DZTests */ = {
			isa = PBXNativeTarget;
			buildConfigurationList = B6E798D12B5FD6A7005C0863 /* Build configuration list for PBXNativeTarget "DZTests" */;
			buildPhases = (
				B6E798B62B5FD6A7005C0863 /* Sources */,
				B6E798B72B5FD6A7005C0863 /* Frameworks */,
				B6E798B82B5FD6A7005C0863 /* Resources */,
			);
			buildRules = (
			);
			dependencies = (
				B6E798BC2B5FD6A7005C0863 /* PBXTargetDependency */,
			);
			name = DZTests;
			productName = DZTests;
			productReference = B6E798BA2B5FD6A7005C0863 /* DZTests.xctest */;
			productType = "com.apple.product-type.bundle.unit-test";
		};
		B6E798C32B5FD6A7005C0863 /* DZUITests */ = {
			isa = PBXNativeTarget;
			buildConfigurationList = B6E798D42B5FD6A7005C0863 /* Build configuration list for PBXNativeTarget "DZUITests" */;
			buildPhases = (
				B6E798C02B5FD6A7005C0863 /* Sources */,
				B6E798C12B5FD6A7005C0863 /* Frameworks */,
				B6E798C22B5FD6A7005C0863 /* Resources */,
			);
			buildRules = (
			);
			dependencies = (
				B6E798C62B5FD6A7005C0863 /* PBXTargetDependency */,
			);
			name = DZUITests;
			productName = DZUITests;
			productReference = B6E798C42B5FD6A7005C0863 /* DZUITests.xctest */;
			productType = "com.apple.product-type.bundle.ui-testing";
		};
/* End PBXNativeTarget section */

/* Begin PBXProject section */
		B6E7989C2B5FD6A5005C0863 /* Project object */ = {
			isa = PBXProject;
			attributes = {
				BuildIndependentTargetsInParallel = 1;
				LastSwiftUpdateCheck = 1520;
				LastUpgradeCheck = 1520;
				TargetAttributes = {
					B6E798A32B5FD6A5005C0863 = {
						CreatedOnToolsVersion = 15.2;
					};
					B6E798B92B5FD6A7005C0863 = {
						CreatedOnToolsVersion = 15.2;
						TestTargetID = B6E798A32B5FD6A5005C0863;
					};
					B6E798C32B5FD6A7005C0863 = {
						CreatedOnToolsVersion = 15.2;
						TestTargetID = B6E798A32B5FD6A5005C0863;
					};
				};
			};
			buildConfigurationList = B6E7989F2B5FD6A5005C0863 /* Build configuration list for PBXProject "DZ" */;
			compatibilityVersion = "Xcode 14.0";
			developmentRegion = en;
			hasScannedForEncodings = 0;
			knownRegions = (
				en,
				Base,
			);
			mainGroup = B6E7989B2B5FD6A5005C0863;
			productRefGroup = B6E798A52B5FD6A5005C0863 /* Products */;
			projectDirPath = "";
			projectRoot = "";
			targets = (
				B6E798A32B5FD6A5005C0863 /* DZ */,
				B6E798B92B5FD6A7005C0863 /* DZTests */,
				B6E798C32B5FD6A7005C0863 /* DZUITests */,
			);
		};
/* End PBXProject section */

/* Begin PBXResourcesBuildPhase section */
		B6E798A22B5FD6A5005C0863 /* Resources */ = {
			isa = PBXResourcesBuildPhase;
			buildActionMask = 2147483647;
			files = (
				B6E798B42B5FD6A7005C0863 /* LaunchScreen.storyboard in Resources */,
				B6E798B12B5FD6A7005C0863 /* Assets.xcassets in Resources */,
				B6E798AF2B5FD6A5005C0863 /* Main.storyboard in Resources */,
			);
			runOnlyForDeploymentPostprocessing = 0;
		};
		B6E798B82B5FD6A7005C0863 /* Resources */ = {
			isa = PBXResourcesBuildPhase;
			buildActionMask = 2147483647;
			files = (
			);
			runOnlyForDeploymentPostprocessing = 0;
		};
		B6E798C22B5FD6A7005C0863 /* Resources */ = {
			isa = PBXResourcesBuildPhase;
			buildActionMask = 2147483647;
			files = (
			);
			runOnlyForDeploymentPostprocessing = 0;
		};
/* End PBXResourcesBuildPhase section */

/* Begin PBXSourcesBuildPhase section */
		B6E798A02B5FD6A5005C0863 /* Sources */ = {
			isa = PBXSourcesBuildPhase;
			buildActionMask = 2147483647;
			files = (
				B6E798AC2B5FD6A5005C0863 /* ViewController.swift in Sources */,
				B6E798A82B5FD6A5005C0863 /* AppDelegate.swift in Sources */,
				B6E798AA2B5FD6A5005C0863 /* SceneDelegate.swift in Sources */,
			);
			runOnlyForDeploymentPostprocessing = 0;
		};
		B6E798B62B5FD6A7005C0863 /* Sources */ = {
			isa = PBXSourcesBuildPhase;
			buildActionMask = 2147483647;
			files = (
				B6E798BF2B5FD6A7005C0863 /* DZTests.swift in Sources */,
			);
			runOnlyForDeploymentPostprocessing = 0;
		};
		B6E798C02B5FD6A7005C0863 /* Sources */ = {
			isa = PBXSourcesBuildPhase;
			buildActionMask = 2147483647;
			files = (
				B6E798CB2B5FD6A7005C0863 /* DZUITestsLaunchTests.swift in Sources */,
				B6E798C92B5FD6A7005C0863 /* DZUITests.swift in Sources */,
			);
			runOnlyForDeploymentPostprocessing = 0;
		};
/* End PBXSourcesBuildPhase section */

/* Begin PBXTargetDependency section */
		B6E798BC2B5FD6A7005C0863 /* PBXTargetDependency */ = {
			isa = PBXTargetDependency;
			target = B6E798A32B5FD6A5005C0863 /* DZ */;
			targetProxy = B6E798BB2B5FD6A7005C0863 /* PBXContainerItemProxy */;
		};
		B6E798C62B5FD6A7005C0863 /* PBXTargetDependency */ = {
			isa = PBXTargetDependency;
			target = B6E798A32B5FD6A5005C0863 /* DZ */;
			targetProxy = B6E798C52B5FD6A7005C0863 /* PBXContainerItemProxy */;
		};
/* End PBXTargetDependency section */

/* Begin PBXVariantGroup section */
		B6E798AD2B5FD6A5005C0863 /* Main.storyboard */ = {
			isa = PBXVariantGroup;
			children = (
				B6E798AE2B5FD6A5005C0863 /* Base */,
			);
			name = Main.storyboard;
			sourceTree = "<group>";
		};
		B6E798B22B5FD6A7005C0863 /* LaunchScreen.storyboard */ = {
			isa = PBXVariantGroup;
			children = (
				B6E798B32B5FD6A7005C0863 /* Base */,
			);
			name = LaunchScreen.storyboard;
			sourceTree = "<group>";
		};
/* End PBXVariantGroup section */

/* Begin XCBuildConfiguration section */
		B6E798CC2B5FD6A7005C0863 /* Debug */ = {
			isa = XCBuildConfiguration;
			buildSettings = {
				ALWAYS_SEARCH_USER_PATHS = NO;
				ASSETCATALOG_COMPILER_GENERATE_SWIFT_ASSET_SYMBOL_EXTENSIONS = YES;
				CLANG_ANALYZER_NONNULL = YES;
				CLANG_ANALYZER_NUMBER_OBJECT_CONVERSION = YES_AGGRESSIVE;
				CLANG_CXX_LANGUAGE_STANDARD = "gnu++20";
				CLANG_ENABLE_MODULES = YES;
				CLANG_ENABLE_OBJC_ARC = YES;
				CLANG_ENABLE_OBJC_WEAK = YES;
				CLANG_WARN_BLOCK_CAPTURE_AUTORELEASING = YES;
				CLANG_WARN_BOOL_CONVERSION = YES;
				CLANG_WARN_COMMA = YES;
				CLANG_WARN_CONSTANT_CONVERSION = YES;
				CLANG_WARN_DEPRECATED_OBJC_IMPLEMENTATIONS = YES;
				CLANG_WARN_DIRECT_OBJC_ISA_USAGE = YES_ERROR;
				CLANG_WARN_DOCUMENTATION_COMMENTS = YES;
				CLANG_WARN_EMPTY_BODY = YES;
				CLANG_WARN_ENUM_CONVERSION = YES;
				CLANG_WARN_INFINITE_RECURSION = YES;
				CLANG_WARN_INT_CONVERSION = YES;
				CLANG_WARN_NON_LITERAL_NULL_CONVERSION = YES;
				CLANG_WARN_OBJC_IMPLICIT_RETAIN_SELF = YES;
				CLANG_WARN_OBJC_LITERAL_CONVERSION = YES;
				CLANG_WARN_OBJC_ROOT_CLASS = YES_ERROR;
				CLANG_WARN_QUOTED_INCLUDE_IN_FRAMEWORK_HEADER = YES;
				CLANG_WARN_RANGE_LOOP_ANALYSIS = YES;
				CLANG_WARN_STRICT_PROTOTYPES = YES;
				CLANG_WARN_SUSPICIOUS_MOVE = YES;
				CLANG_WARN_UNGUARDED_AVAILABILITY = YES_AGGRESSIVE;
				CLANG_WARN_UNREACHABLE_CODE = YES;
				CLANG_WARN__DUPLICATE_METHOD_MATCH = YES;
				COPY_PHASE_STRIP = NO;
				DEBUG_INFORMATION_FORMAT = dwarf;
				ENABLE_STRICT_OBJC_MSGSEND = YES;
				ENABLE_TESTABILITY = YES;
				ENABLE_USER_SCRIPT_SANDBOXING = YES;
				GCC_C_LANGUAGE_STANDARD = gnu17;
				GCC_DYNAMIC_NO_PIC = NO;
				GCC_NO_COMMON_BLOCKS = YES;
				GCC_OPTIMIZATION_LEVEL = 0;
				GCC_PREPROCESSOR_DEFINITIONS = (
					"DEBUG=1",
					"$(inherited)",
				);
				GCC_WARN_64_TO_32_BIT_CONVERSION = YES;
				GCC_WARN_ABOUT_RETURN_TYPE = YES_ERROR;
				GCC_WARN_UNDECLARED_SELECTOR = YES;
				GCC_WARN_UNINITIALIZED_AUTOS = YES_AGGRESSIVE;
				GCC_WARN_UNUSED_FUNCTION = YES;
				GCC_WARN_UNUSED_VARIABLE = YES;
				IPHONEOS_DEPLOYMENT_TARGET = 17.2;
				LOCALIZATION_PREFERS_STRING_CATALOGS = YES;
				MTL_ENABLE_DEBUG_INFO = INCLUDE_SOURCE;
				MTL_FAST_MATH = YES;
				ONLY_ACTIVE_ARCH = YES;
				SDKROOT = iphoneos;
				SWIFT_ACTIVE_COMPILATION_CONDITIONS = "DEBUG $(inherited)";
				SWIFT_OPTIMIZATION_LEVEL = "-Onone";
			};
			name = Debug;
		};
		B6E798CD2B5FD6A7005C0863 /* Release */ = {
			isa = XCBuildConfiguration;
			buildSettings = {
				ALWAYS_SEARCH_USER_PATHS = NO;
				ASSETCATALOG_COMPILER_GENERATE_SWIFT_ASSET_SYMBOL_EXTENSIONS = YES;
				CLANG_ANALYZER_NONNULL = YES;
				CLANG_ANALYZER_NUMBER_OBJECT_CONVERSION = YES_AGGRESSIVE;
				CLANG_CXX_LANGUAGE_STANDARD = "gnu++20";
				CLANG_ENABLE_MODULES = YES;
				CLANG_ENABLE_OBJC_ARC = YES;
				CLANG_ENABLE_OBJC_WEAK = YES;
				CLANG_WARN_BLOCK_CAPTURE_AUTORELEASING = YES;
				CLANG_WARN_BOOL_CONVERSION = YES;
				CLANG_WARN_COMMA = YES;
				CLANG_WARN_CONSTANT_CONVERSION = YES;
				CLANG_WARN_DEPRECATED_OBJC_IMPLEMENTATIONS = YES;
				CLANG_WARN_DIRECT_OBJC_ISA_USAGE = YES_ERROR;
				CLANG_WARN_DOCUMENTATION_COMMENTS = YES;
				CLANG_WARN_EMPTY_BODY = YES;
				CLANG_WARN_ENUM_CONVERSION = YES;
				CLANG_WARN_INFINITE_RECURSION = YES;
				CLANG_WARN_INT_CONVERSION = YES;
				CLANG_WARN_NON_LITERAL_NULL_CONVERSION = YES;
				CLANG_WARN_OBJC_IMPLICIT_RETAIN_SELF = YES;
				CLANG_WARN_OBJC_LITERAL_CONVERSION = YES;
				CLANG_WARN_OBJC_ROOT_CLASS = YES_ERROR;
				CLANG_WARN_QUOTED_INCLUDE_IN_FRAMEWORK_HEADER = YES;
				CLANG_WARN_RANGE_LOOP_ANALYSIS = YES;
				CLANG_WARN_STRICT_PROTOTYPES = YES;
				CLANG_WARN_SUSPICIOUS_MOVE = YES;
				CLANG_WARN_UNGUARDED_AVAILABILITY = YES_AGGRESSIVE;
				CLANG_WARN_UNREACHABLE_CODE = YES;
				CLANG_WARN__DUPLICATE_METHOD_MATCH = YES;
				COPY_PHASE_STRIP = NO;
				DEBUG_INFORMATION_FORMAT = "dwarf-with-dsym";
				ENABLE_NS_ASSERTIONS = NO;
				ENABLE_STRICT_OBJC_MSGSEND = YES;
				ENABLE_USER_SCRIPT_SANDBOXING = YES;
				GCC_C_LANGUAGE_STANDARD = gnu17;
				GCC_NO_COMMON_BLOCKS = YES;
				GCC_WARN_64_TO_32_BIT_CONVERSION = YES;
				GCC_WARN_ABOUT_RETURN_TYPE = YES_ERROR;
				GCC_WARN_UNDECLARED_SELECTOR = YES;
				GCC_WARN_UNINITIALIZED_AUTOS = YES_AGGRESSIVE;
				GCC_WARN_UNUSED_FUNCTION = YES;
				GCC_WARN_UNUSED_VARIABLE = YES;
				IPHONEOS_DEPLOYMENT_TARGET = 17.2;
				LOCALIZATION_PREFERS_STRING_CATALOGS = YES;
				MTL_ENABLE_DEBUG_INFO = NO;
				MTL_FAST_MATH = YES;
				SDKROOT = iphoneos;
				SWIFT_COMPILATION_MODE = wholemodule;
				VALIDATE_PRODUCT = YES;
			};
			name = Release;
		};
		B6E798CF2B5FD6A7005C0863 /* Debug */ = {
			isa = XCBuildConfiguration;
			buildSettings = {
				ASSETCATALOG_COMPILER_APPICON_NAME = AppIcon;
				ASSETCATALOG_COMPILER_GLOBAL_ACCENT_COLOR_NAME = AccentColor;
				CODE_SIGN_STYLE = Automatic;
				CURRENT_PROJECT_VERSION = 1;
				DEVELOPMENT_TEAM = FXNKU8J26P;
				GENERATE_INFOPLIST_FILE = YES;
				INFOPLIST_FILE = DZ/Info.plist;
				INFOPLIST_KEY_UIApplicationSupportsIndirectInputEvents = YES;
				INFOPLIST_KEY_UILaunchStoryboardName = LaunchScreen;
				INFOPLIST_KEY_UIMainStoryboardFile = Main;
				INFOPLIST_KEY_UISupportedInterfaceOrientations_iPad = "UIInterfaceOrientationPortrait UIInterfaceOrientationPortraitUpsideDown UIInterfaceOrientationLandscapeLeft UIInterfaceOrientationLandscapeRight";
				INFOPLIST_KEY_UISupportedInterfaceOrientations_iPhone = "UIInterfaceOrientationPortrait UIInterfaceOrientationLandscapeLeft UIInterfaceOrientationLandscapeRight";
				LD_RUNPATH_SEARCH_PATHS = (
					"$(inherited)",
					"@executable_path/Frameworks",
				);
				MARKETING_VERSION = 1.0;
				PRODUCT_BUNDLE_IDENTIFIER = test.DZ;
				PRODUCT_NAME = "$(TARGET_NAME)";
				SWIFT_EMIT_LOC_STRINGS = YES;
				SWIFT_VERSION = 5.0;
				TARGETED_DEVICE_FAMILY = "1,2";
			};
			name = Debug;
		};
		B6E798D02B5FD6A7005C0863 /* Release */ = {
			isa = XCBuildConfiguration;
			buildSettings = {
				ASSETCATALOG_COMPILER_APPICON_NAME = AppIcon;
				ASSETCATALOG_COMPILER_GLOBAL_ACCENT_COLOR_NAME = AccentColor;
				CODE_SIGN_STYLE = Automatic;
				CURRENT_PROJECT_VERSION = 1;
				DEVELOPMENT_TEAM = FXNKU8J26P;
				GENERATE_INFOPLIST_FILE = YES;
				INFOPLIST_FILE = DZ/Info.plist;
				INFOPLIST_KEY_UIApplicationSupportsIndirectInputEvents = YES;
				INFOPLIST_KEY_UILaunchStoryboardName = LaunchScreen;
				INFOPLIST_KEY_UIMainStoryboardFile = Main;
				INFOPLIST_KEY_UISupportedInterfaceOrientations_iPad = "UIInterfaceOrientationPortrait UIInterfaceOrientationPortraitUpsideDown UIInterfaceOrientationLandscapeLeft UIInterfaceOrientationLandscapeRight";
				INFOPLIST_KEY_UISupportedInterfaceOrientations_iPhone = "UIInterfaceOrientationPortrait UIInterfaceOrientationLandscapeLeft UIInterfaceOrientationLandscapeRight";
				LD_RUNPATH_SEARCH_PATHS = (
					"$(inherited)",
					"@executable_path/Frameworks",
				);
				MARKETING_VERSION = 1.0;
				PRODUCT_BUNDLE_IDENTIFIER = test.DZ;
				PRODUCT_NAME = "$(TARGET_NAME)";
				SWIFT_EMIT_LOC_STRINGS = YES;
				SWIFT_VERSION = 5.0;
				TARGETED_DEVICE_FAMILY = "1,2";
			};
			name = Release;
		};
		B6E798D22B5FD6A7005C0863 /* Debug */ = {
			isa = XCBuildConfiguration;
			buildSettings = {
				ALWAYS_EMBED_SWIFT_STANDARD_LIBRARIES = YES;
				BUNDLE_LOADER = "$(TEST_HOST)";
				CODE_SIGN_STYLE = Automatic;
				CURRENT_PROJECT_VERSION = 1;
				DEVELOPMENT_TEAM = FXNKU8J26P;
				GENERATE_INFOPLIST_FILE = YES;
				IPHONEOS_DEPLOYMENT_TARGET = 17.2;
				MARKETING_VERSION = 1.0;
				PRODUCT_BUNDLE_IDENTIFIER = test.DZTests;
				PRODUCT_NAME = "$(TARGET_NAME)";
				SWIFT_EMIT_LOC_STRINGS = NO;
				SWIFT_VERSION = 5.0;
				TARGETED_DEVICE_FAMILY = "1,2";
				TEST_HOST = "$(BUILT_PRODUCTS_DIR)/DZ.app/$(BUNDLE_EXECUTABLE_FOLDER_PATH)/DZ";
			};
			name = Debug;
		};
		B6E798D32B5FD6A7005C0863 /* Release */ = {
			isa = XCBuildConfiguration;
			buildSettings = {
				ALWAYS_EMBED_SWIFT_STANDARD_LIBRARIES = YES;
				BUNDLE_LOADER = "$(TEST_HOST)";
				CODE_SIGN_STYLE = Automatic;
				CURRENT_PROJECT_VERSION = 1;
				DEVELOPMENT_TEAM = FXNKU8J26P;
				GENERATE_INFOPLIST_FILE = YES;
				IPHONEOS_DEPLOYMENT_TARGET = 17.2;
				MARKETING_VERSION = 1.0;
				PRODUCT_BUNDLE_IDENTIFIER = test.DZTests;
				PRODUCT_NAME = "$(TARGET_NAME)";
				SWIFT_EMIT_LOC_STRINGS = NO;
				SWIFT_VERSION = 5.0;
				TARGETED_DEVICE_FAMILY = "1,2";
				TEST_HOST = "$(BUILT_PRODUCTS_DIR)/DZ.app/$(BUNDLE_EXECUTABLE_FOLDER_PATH)/DZ";
			};
			name = Release;
		};
		B6E798D52B5FD6A7005C0863 /* Debug */ = {
			isa = XCBuildConfiguration;
			buildSettings = {
				ALWAYS_EMBED_SWIFT_STANDARD_LIBRARIES = YES;
				CODE_SIGN_STYLE = Automatic;
				CURRENT_PROJECT_VERSION = 1;
				DEVELOPMENT_TEAM = FXNKU8J26P;
				GENERATE_INFOPLIST_FILE = YES;
				MARKETING_VERSION = 1.0;
				PRODUCT_BUNDLE_IDENTIFIER = test.DZUITests;
				PRODUCT_NAME = "$(TARGET_NAME)";
				SWIFT_EMIT_LOC_STRINGS = NO;
				SWIFT_VERSION = 5.0;
				TARGETED_DEVICE_FAMILY = "1,2";
				TEST_TARGET_NAME = DZ;
			};
			name = Debug;
		};
		B6E798D62B5FD6A7005C0863 /* Release */ = {
			isa = XCBuildConfiguration;
			buildSettings = {
				ALWAYS_EMBED_SWIFT_STANDARD_LIBRARIES = YES;
				CODE_SIGN_STYLE = Automatic;
				CURRENT_PROJECT_VERSION = 1;
				DEVELOPMENT_TEAM = FXNKU8J26P;
				GENERATE_INFOPLIST_FILE = YES;
				MARKETING_VERSION = 1.0;
				PRODUCT_BUNDLE_IDENTIFIER = test.DZUITests;
				PRODUCT_NAME = "$(TARGET_NAME)";
				SWIFT_EMIT_LOC_STRINGS = NO;
				SWIFT_VERSION = 5.0;
				TARGETED_DEVICE_FAMILY = "1,2";
				TEST_TARGET_NAME = DZ;
			};
			name = Release;
		};
/* End XCBuildConfiguration section */

/* Begin XCConfigurationList section */
		B6E7989F2B5FD6A5005C0863 /* Build configuration list for PBXProject "DZ" */ = {
			isa = XCConfigurationList;
			buildConfigurations = (
				B6E798CC2B5FD6A7005C0863 /* Debug */,
				B6E798CD2B5FD6A7005C0863 /* Release */,
			);
			defaultConfigurationIsVisible = 0;
			defaultConfigurationName = Release;
		};
		B6E798CE2B5FD6A7005C0863 /* Build configuration list for PBXNativeTarget "DZ" */ = {
			isa = XCConfigurationList;
			buildConfigurations = (
				B6E798CF2B5FD6A7005C0863 /* Debug */,
				B6E798D02B5FD6A7005C0863 /* Release */,
			);
			defaultConfigurationIsVisible = 0;
			defaultConfigurationName = Release;
		};
		B6E798D12B5FD6A7005C0863 /* Build configuration list for PBXNativeTarget "DZTests" */ = {
			isa = XCConfigurationList;
			buildConfigurations = (
				B6E798D22B5FD6A7005C0863 /* Debug */,
				B6E798D32B5FD6A7005C0863 /* Release */,
			);
			defaultConfigurationIsVisible = 0;
			defaultConfigurationName = Release;
		};
		B6E798D42B5FD6A7005C0863 /* Build configuration list for PBXNativeTarget "DZUITests" */ = {
			isa = XCConfigurationList;
			buildConfigurations = (
				B6E798D52B5FD6A7005C0863 /* Debug */,
				B6E798D62B5FD6A7005C0863 /* Release */,
			);
			defaultConfigurationIsVisible = 0;
			defaultConfigurationName = Release;
		};
/* End XCConfigurationList section */
	};
	rootObject = B6E7989C2B5FD6A5005C0863 /* Project object */;
}
